
Microsoft Visual Studio Solution File, Format Version 12.00
# Visual Studio 15
VisualStudioVersion = 15.0.26730.16
MinimumVisualStudioVersion = 10.0.40219.1
Project("{FAE04EC0-301F-11D3-BF4B-00C04F79EFBC}") = "DelegatesUloha", "DelegatesUloha\DelegatesUloha.csproj", "{B35F430C-12B2-4AE1-A60C-2F570EE3224D}"
EndProject
Global
	GlobalSection(SolutionConfigurationPlatforms) = preSolution
		Debug|Any CPU = Debug|Any CPU
		Release|Any CPU = Release|Any CPU
	EndGlobalSection
	GlobalSection(ProjectConfigurationPlatforms) = postSolution
		{B35F430C-12B2-4AE1-A60C-2F570EE3224D}.Debug|Any CPU.ActiveCfg = Debug|Any CPU
		{B35F430C-12B2-4AE1-A60C-2F570EE3224D}.Debug|Any CPU.Build.0 = Debug|Any CPU
		{B35F430C-12B2-4AE1-A60C-2F570EE3224D}.Release|Any CPU.ActiveCfg = Release|Any CPU
		{B35F430C-12B2-4AE1-A60C-2F570EE3224D}.Release|Any CPU.Build.0 = Release|Any CPU
	EndGlobalSection
	GlobalSection(SolutionProperties) = preSolution
		HideSolutionNode = FALSE
	EndGlobalSection
	GlobalSection(ExtensibilityGlobals) = postSolution
		SolutionGuid = {F8C1D580-6742-4C90-868D-BC24B19645DE}
	EndGlobalSection
EndGlobal
